
Microsoft Visual Studio Solution File, Format Version 12.00
# Visual Studio 15
VisualStudioVersion = 15.0.28307.329
MinimumVisualStudioVersion = 10.0.40219.1
Project("{FAE04EC0-301F-11D3-BF4B-00C04F79EFBC}") = "RouteChangeTracker.Console", "RouteChangeTracker.Console\RouteChangeTracker.Console.csproj", "{D0BBD73D-0855-43F3-912F-4F930FD5FD66}"
EndProject
Global
	GlobalSection(SolutionConfigurationPlatforms) = preSolution
		Debug|Any CPU = Debug|Any CPU
		Release|Any CPU = Release|Any CPU
	EndGlobalSection
	GlobalSection(ProjectConfigurationPlatforms) = postSolution
		{D0BBD73D-0855-43F3-912F-4F930FD5FD66}.Debug|Any CPU.ActiveCfg = Debug|Any CPU
		{D0BBD73D-0855-43F3-912F-4F930FD5FD66}.Debug|Any CPU.Build.0 = Debug|Any CPU
		{D0BBD73D-0855-43F3-912F-4F930FD5FD66}.Release|Any CPU.ActiveCfg = Release|Any CPU
		{D0BBD73D-0855-43F3-912F-4F930FD5FD66}.Release|Any CPU.Build.0 = Release|Any CPU
	EndGlobalSection
	GlobalSection(SolutionProperties) = preSolution
		HideSolutionNode = FALSE
	EndGlobalSection
	GlobalSection(ExtensibilityGlobals) = postSolution
		SolutionGuid = {E9BA3CEF-799C-4F77-BF4E-C878660023A5}
	EndGlobalSection
EndGlobal
